<Solution>
  <Folder Name="/Task0/">
    <Project Path="Tyuiu.SharovVE.Sprint0.Task0.V0/Tyuiu.SharovVE.Sprint0.Task0.V0.csproj" Id="3c6cf800-73db-4002-889d-6fd3159b76c3" />
  </Folder>
  <Folder Name="/Task1/">
    <Project Path="Tyuiu.SharovVE.Sprint0.Task1.V0/Tyuiu.SharovVE.Sprint0.Task1.V0.csproj" Id="d3ffa455-a043-4dc5-83cd-70ae405f340b" />
  </Folder>
  <Folder Name="/Task2/">
    <Project Path="Tyuiu.SharovVE.Sprint0.Task2.V0.Lib/Tyuiu.SharovVE.Sprint0.Task2.V0.Lib.csproj" Id="2036ec52-8429-4e2f-8908-44d93a9e2122" />
    <Project Path="Tyuiu.SharovVE.Sprint0.Task2.V0.Test/Tyuiu.SharovVE.Sprint0.Task2.V0.Test.csproj" Id="448b4c04-3fd1-427c-a47c-838dbdd81851" />
    <Project Path="Tyuiu.SharovVE.Sprint0.Task2.V0/Tyuiu.SharovVE.Sprint0.Task2.V0.csproj" Id="44881fa1-843e-4b56-bcf0-4be016d05f6e" />
  </Folder>
  <Folder Name="/Task3/">
    <Project Path="Tyuiu.SharovVE.Sprint0.Task3.V0.Lib/Tyuiu.SharovVE.Sprint0.Task3.V0.Lib.csproj" Id="8ad9fc9d-c643-4dc6-8760-5b8a1c58d827" />
    <Project Path="Tyuiu.SharovVE.Sprint0.Task3.V0.Test/Tyuiu.SharovVE.Sprint0.Task3.V0.Test.csproj" Id="bdd16376-72cc-4d48-bd9a-17ddcae17df8" />
    <Project Path="Tyuiu.SharovVE.Sprint0.Task3.V0/Tyuiu.SharovVE.Sprint0.Task3.V0.csproj" Id="d9dc5032-93c1-4a74-b91a-7567fb35c9c9" />
  </Folder>
  <Folder Name="/Task4/">
    <Project Path="Tyuiu.SharovVE.Sprint0.Task4.V0.Lib/Tyuiu.SharovVE.Sprint0.Task4.V0.Lib.csproj" Id="3c5bb727-28a6-4911-be9f-440ffb526e50" />
    <Project Path="Tyuiu.SharovVE.Sprint0.Task4.V0.Test/Tyuiu.SharovVE.Sprint0.Task4.V0.Test.csproj" Id="0b4cf16d-fed0-44a6-88ad-61863f2bc4eb" />
    <Project Path="Tyuiu.SharovVE.Sprint0.Task4.V0/Tyuiu.SharovVE.Sprint0.Task4.V0.csproj" Id="f9ecf00b-0270-4970-96c8-8f33d1bb10e5" />
  </Folder>
</Solution>
